
Microsoft Visual Studio Solution File, Format Version 12.00
# Visual Studio Version 17
VisualStudioVersion = 17.3.32819.101
MinimumVisualStudioVersion = 10.0.40219.1
Project("{FAE04EC0-301F-11D3-BF4B-00C04F79EFBC}") = "3DRenderer", "3DRenderer.csproj", "{3384AB7C-072F-47FA-9D94-407D750576CA}"
EndProject
Global
	GlobalSection(SolutionConfigurationPlatforms) = preSolution
		Debug|Any CPU = Debug|Any CPU
		Release|Any CPU = Release|Any CPU
	EndGlobalSection
	GlobalSection(ProjectConfigurationPlatforms) = postSolution
		{3384AB7C-072F-47FA-9D94-407D750576CA}.Debug|Any CPU.ActiveCfg = Debug|Any CPU
		{3384AB7C-072F-47FA-9D94-407D750576CA}.Debug|Any CPU.Build.0 = Debug|Any CPU
		{3384AB7C-072F-47FA-9D94-407D750576CA}.Release|Any CPU.ActiveCfg = Release|Any CPU
		{3384AB7C-072F-47FA-9D94-407D750576CA}.Release|Any CPU.Build.0 = Release|Any CPU
	EndGlobalSection
	GlobalSection(SolutionProperties) = preSolution
		HideSolutionNode = FALSE
	EndGlobalSection
	GlobalSection(ExtensibilityGlobals) = postSolution
		SolutionGuid = {6A7D3167-AAD7-41F9-913F-DF889E5CCDD9}
	EndGlobalSection
EndGlobal
